// !$*UTF8*$!
{
	archiveVersion = 1;
	classes = {
	};
	objectVersion = 56;
	objects = {

/* Begin PBXBuildFile section */
		356FD0D12B3487D700D7AA59 /* MySwiftUiReceiptApp.swift in Sources */ = {isa = PBXBuildFile; fileRef = 356FD0D02B3487D700D7AA59 /* MySwiftUiReceiptApp.swift */; };
		356FD0D32B3487D700D7AA59 /* ContentView.swift in Sources */ = {isa = PBXBuildFile; fileRef = 356FD0D22B3487D700D7AA59 /* ContentView.swift */; };
		356FD0D52B3487D800D7AA59 /* Assets.xcassets in Resources */ = {isa = PBXBuildFile; fileRef = 356FD0D42B3487D800D7AA59 /* Assets.xcassets */; };
		356FD0D82B3487D800D7AA59 /* Preview Assets.xcassets in Resources */ = {isa = PBXBuildFile; fileRef = 356FD0D72B3487D800D7AA59 /* Preview Assets.xcassets */; };
		356FD0E22B3487D800D7AA59 /* MySwiftUiReceiptTests.swift in Sources */ = {isa = PBXBuildFile; fileRef = 356FD0E12B3487D800D7AA59 /* MySwiftUiReceiptTests.swift */; };
		356FD0EC2B3487D800D7AA59 /* MySwiftUiReceiptUITests.swift in Sources */ = {isa = PBXBuildFile; fileRef = 356FD0EB2B3487D800D7AA59 /* MySwiftUiReceiptUITests.swift */; };
		356FD0EE2B3487D800D7AA59 /* MySwiftUiReceiptUITestsLaunchTests.swift in Sources */ = {isa = PBXBuildFile; fileRef = 356FD0ED2B3487D800D7AA59 /* MySwiftUiReceiptUITestsLaunchTests.swift */; };
/* End PBXBuildFile section */

/* Begin PBXContainerItemProxy section */
		356FD0DE2B3487D800D7AA59 /* PBXContainerItemProxy */ = {
			isa = PBXContainerItemProxy;
			containerPortal = 356FD0C52B3487D700D7AA59 /* Project object */;
			proxyType = 1;
			remoteGlobalIDString = 356FD0CC2B3487D700D7AA59;
			remoteInfo = MySwiftUiReceipt;
		};
		356FD0E82B3487D800D7AA59 /* PBXContainerItemProxy */ = {
			isa = PBXContainerItemProxy;
			containerPortal = 356FD0C52B3487D700D7AA59 /* Project object */;
			proxyType = 1;
			remoteGlobalIDString = 356FD0CC2B3487D700D7AA59;
			remoteInfo = MySwiftUiReceipt;
		};
/* End PBXContainerItemProxy section */

/* Begin PBXFileReference section */
		356FD0CD2B3487D700D7AA59 /* MySwiftUiReceipt.app */ = {isa = PBXFileReference; explicitFileType = wrapper.application; includeInIndex = 0; path = MySwiftUiReceipt.app; sourceTree = BUILT_PRODUCTS_DIR; };
		356FD0D02B3487D700D7AA59 /* MySwiftUiReceiptApp.swift */ = {isa = PBXFileReference; lastKnownFileType = sourcecode.swift; path = MySwiftUiReceiptApp.swift; sourceTree = "<group>"; };
		356FD0D22B3487D700D7AA59 /* ContentView.swift */ = {isa = PBXFileReference; lastKnownFileType = sourcecode.swift; path = ContentView.swift; sourceTree = "<group>"; };
		356FD0D42B3487D800D7AA59 /* Assets.xcassets */ = {isa = PBXFileReference; lastKnownFileType = folder.assetcatalog; path = Assets.xcassets; sourceTree = "<group>"; };
		356FD0D72B3487D800D7AA59 /* Preview Assets.xcassets */ = {isa = PBXFileReference; lastKnownFileType = folder.assetcatalog; path = "Preview Assets.xcassets"; sourceTree = "<group>"; };
		356FD0DD2B3487D800D7AA59 /* MySwiftUiReceiptTests.xctest */ = {isa = PBXFileReference; explicitFileType = wrapper.cfbundle; includeInIndex = 0; path = MySwiftUiReceiptTests.xctest; sourceTree = BUILT_PRODUCTS_DIR; };
		356FD0E12B3487D800D7AA59 /* MySwiftUiReceiptTests.swift */ = {isa = PBXFileReference; lastKnownFileType = sourcecode.swift; path = MySwiftUiReceiptTests.swift; sourceTree = "<group>"; };
		356FD0E72B3487D800D7AA59 /* MySwiftUiReceiptUITests.xctest */ = {isa = PBXFileReference; explicitFileType = wrapper.cfbundle; includeInIndex = 0; path = MySwiftUiReceiptUITests.xctest; sourceTree = BUILT_PRODUCTS_DIR; };
		356FD0EB2B3487D800D7AA59 /* MySwiftUiReceiptUITests.swift */ = {isa = PBXFileReference; lastKnownFileType = sourcecode.swift; path = MySwiftUiReceiptUITests.swift; sourceTree = "<group>"; };
		356FD0ED2B3487D800D7AA59 /* MySwiftUiReceiptUITestsLaunchTests.swift */ = {isa = PBXFileReference; lastKnownFileType = sourcecode.swift; path = MySwiftUiReceiptUITestsLaunchTests.swift; sourceTree = "<group>"; };
/* End PBXFileReference section */

/* Begin PBXFrameworksBuildPhase section */
		356FD0CA2B3487D700D7AA59 /* Frameworks */ = {
			isa = PBXFrameworksBuildPhase;
			buildActionMask = 2147483647;
			files = (
			);
			runOnlyForDeploymentPostprocessing = 0;
		};
		356FD0DA2B3487D800D7AA59 /* Frameworks */ = {
			isa = PBXFrameworksBuildPhase;
			buildActionMask = 2147483647;
			files = (
			);
			runOnlyForDeploymentPostprocessing = 0;
		};
		356FD0E42B3487D800D7AA59 /* Frameworks */ = {
			isa = PBXFrameworksBuildPhase;
			buildActionMask = 2147483647;
			files = (
			);
			runOnlyForDeploymentPostprocessing = 0;
		};
/* End PBXFrameworksBuildPhase section */

/* Begin PBXGroup section */
		356FD0C42B3487D700D7AA59 = {
			isa = PBXGroup;
			children = (
				356FD0CF2B3487D700D7AA59 /* MySwiftUiReceipt */,
				356FD0E02B3487D800D7AA59 /* MySwiftUiReceiptTests */,
				356FD0EA2B3487D800D7AA59 /* MySwiftUiReceiptUITests */,
				356FD0CE2B3487D700D7AA59 /* Products */,
			);
			sourceTree = "<group>";
		};
		356FD0CE2B3487D700D7AA59 /* Products */ = {
			isa = PBXGroup;
			children = (
				356FD0CD2B3487D700D7AA59 /* MySwiftUiReceipt.app */,
				356FD0DD2B3487D800D7AA59 /* MySwiftUiReceiptTests.xctest */,
				356FD0E72B3487D800D7AA59 /* MySwiftUiReceiptUITests.xctest */,
			);
			name = Products;
			sourceTree = "<group>";
		};
		356FD0CF2B3487D700D7AA59 /* MySwiftUiReceipt */ = {
			isa = PBXGroup;
			children = (
				356FD0D02B3487D700D7AA59 /* MySwiftUiReceiptApp.swift */,
				356FD0D22B3487D700D7AA59 /* ContentView.swift */,
				356FD0D42B3487D800D7AA59 /* Assets.xcassets */,
				356FD0D62B3487D800D7AA59 /* Preview Content */,
			);
			path = MySwiftUiReceipt;
			sourceTree = "<group>";
		};
		356FD0D62B3487D800D7AA59 /* Preview Content */ = {
			isa = PBXGroup;
			children = (
				356FD0D72B3487D800D7AA59 /* Preview Assets.xcassets */,
			);
			path = "Preview Content";
			sourceTree = "<group>";
		};
		356FD0E02B3487D800D7AA59 /* MySwiftUiReceiptTests */ = {
			isa = PBXGroup;
			children = (
				356FD0E12B3487D800D7AA59 /* MySwiftUiReceiptTests.swift */,
			);
			path = MySwiftUiReceiptTests;
			sourceTree = "<group>";
		};
		356FD0EA2B3487D800D7AA59 /* MySwiftUiReceiptUITests */ = {
			isa = PBXGroup;
			children = (
				356FD0EB2B3487D800D7AA59 /* MySwiftUiReceiptUITests.swift */,
				356FD0ED2B3487D800D7AA59 /* MySwiftUiReceiptUITestsLaunchTests.swift */,
			);
			path = MySwiftUiReceiptUITests;
			sourceTree = "<group>";
		};
/* End PBXGroup section */

/* Begin PBXNativeTarget section */
		356FD0CC2B3487D700D7AA59 /* MySwiftUiReceipt */ = {
			isa = PBXNativeTarget;
			buildConfigurationList = 356FD0F12B3487D800D7AA59 /* Build configuration list for PBXNativeTarget "MySwiftUiReceipt" */;
			buildPhases = (
				356FD0C92B3487D700D7AA59 /* Sources */,
				356FD0CA2B3487D700D7AA59 /* Frameworks */,
				356FD0CB2B3487D700D7AA59 /* Resources */,
			);
			buildRules = (
			);
			dependencies = (
			);
			name = MySwiftUiReceipt;
			productName = MySwiftUiReceipt;
			productReference = 356FD0CD2B3487D700D7AA59 /* MySwiftUiReceipt.app */;
			productType = "com.apple.product-type.application";
		};
		356FD0DC2B3487D800D7AA59 /* MySwiftUiReceiptTests */ = {
			isa = PBXNativeTarget;
			buildConfigurationList = 356FD0F42B3487D800D7AA59 /* Build configuration list for PBXNativeTarget "MySwiftUiReceiptTests" */;
			buildPhases = (
				356FD0D92B3487D800D7AA59 /* Sources */,
				356FD0DA2B3487D800D7AA59 /* Frameworks */,
				356FD0DB2B3487D800D7AA59 /* Resources */,
			);
			buildRules = (
			);
			dependencies = (
				356FD0DF2B3487D800D7AA59 /* PBXTargetDependency */,
			);
			name = MySwiftUiReceiptTests;
			productName = MySwiftUiReceiptTests;
			productReference = 356FD0DD2B3487D800D7AA59 /* MySwiftUiReceiptTests.xctest */;
			productType = "com.apple.product-type.bundle.unit-test";
		};
		356FD0E62B3487D800D7AA59 /* MySwiftUiReceiptUITests */ = {
			isa = PBXNativeTarget;
			buildConfigurationList = 356FD0F72B3487D800D7AA59 /* Build configuration list for PBXNativeTarget "MySwiftUiReceiptUITests" */;
			buildPhases = (
				356FD0E32B3487D800D7AA59 /* Sources */,
				356FD0E42B3487D800D7AA59 /* Frameworks */,
				356FD0E52B3487D800D7AA59 /* Resources */,
			);
			buildRules = (
			);
			dependencies = (
				356FD0E92B3487D800D7AA59 /* PBXTargetDependency */,
			);
			name = MySwiftUiReceiptUITests;
			productName = MySwiftUiReceiptUITests;
			productReference = 356FD0E72B3487D800D7AA59 /* MySwiftUiReceiptUITests.xctest */;
			productType = "com.apple.product-type.bundle.ui-testing";
		};
/* End PBXNativeTarget section */

/* Begin PBXProject section */
		356FD0C52B3487D700D7AA59 /* Project object */ = {
			isa = PBXProject;
			attributes = {
				BuildIndependentTargetsInParallel = 1;
				LastSwiftUpdateCheck = 1510;
				LastUpgradeCheck = 1510;
				TargetAttributes = {
					356FD0CC2B3487D700D7AA59 = {
						CreatedOnToolsVersion = 15.1;
					};
					356FD0DC2B3487D800D7AA59 = {
						CreatedOnToolsVersion = 15.1;
						TestTargetID = 356FD0CC2B3487D700D7AA59;
					};
					356FD0E62B3487D800D7AA59 = {
						CreatedOnToolsVersion = 15.1;
						TestTargetID = 356FD0CC2B3487D700D7AA59;
					};
				};
			};
			buildConfigurationList = 356FD0C82B3487D700D7AA59 /* Build configuration list for PBXProject "MySwiftUiReceipt" */;
			compatibilityVersion = "Xcode 14.0";
			developmentRegion = en;
			hasScannedForEncodings = 0;
			knownRegions = (
				en,
				Base,
			);
			mainGroup = 356FD0C42B3487D700D7AA59;
			productRefGroup = 356FD0CE2B3487D700D7AA59 /* Products */;
			projectDirPath = "";
			projectRoot = "";
			targets = (
				356FD0CC2B3487D700D7AA59 /* MySwiftUiReceipt */,
				356FD0DC2B3487D800D7AA59 /* MySwiftUiReceiptTests */,
				356FD0E62B3487D800D7AA59 /* MySwiftUiReceiptUITests */,
			);
		};
/* End PBXProject section */

/* Begin PBXResourcesBuildPhase section */
		356FD0CB2B3487D700D7AA59 /* Resources */ = {
			isa = PBXResourcesBuildPhase;
			buildActionMask = 2147483647;
			files = (
				356FD0D82B3487D800D7AA59 /* Preview Assets.xcassets in Resources */,
				356FD0D52B3487D800D7AA59 /* Assets.xcassets in Resources */,
			);
			runOnlyForDeploymentPostprocessing = 0;
		};
		356FD0DB2B3487D800D7AA59 /* Resources */ = {
			isa = PBXResourcesBuildPhase;
			buildActionMask = 2147483647;
			files = (
			);
			runOnlyForDeploymentPostprocessing = 0;
		};
		356FD0E52B3487D800D7AA59 /* Resources */ = {
			isa = PBXResourcesBuildPhase;
			buildActionMask = 2147483647;
			files = (
			);
			runOnlyForDeploymentPostprocessing = 0;
		};
/* End PBXResourcesBuildPhase section */

/* Begin PBXSourcesBuildPhase section */
		356FD0C92B3487D700D7AA59 /* Sources */ = {
			isa = PBXSourcesBuildPhase;
			buildActionMask = 2147483647;
			files = (
				356FD0D32B3487D700D7AA59 /* ContentView.swift in Sources */,
				356FD0D12B3487D700D7AA59 /* MySwiftUiReceiptApp.swift in Sources */,
			);
			runOnlyForDeploymentPostprocessing = 0;
		};
		356FD0D92B3487D800D7AA59 /* Sources */ = {
			isa = PBXSourcesBuildPhase;
			buildActionMask = 2147483647;
			files = (
				356FD0E22B3487D800D7AA59 /* MySwiftUiReceiptTests.swift in Sources */,
			);
			runOnlyForDeploymentPostprocessing = 0;
		};
		356FD0E32B3487D800D7AA59 /* Sources */ = {
			isa = PBXSourcesBuildPhase;
			buildActionMask = 2147483647;
			files = (
				356FD0EC2B3487D800D7AA59 /* MySwiftUiReceiptUITests.swift in Sources */,
				356FD0EE2B3487D800D7AA59 /* MySwiftUiReceiptUITestsLaunchTests.swift in Sources */,
			);
			runOnlyForDeploymentPostprocessing = 0;
		};
/* End PBXSourcesBuildPhase section */

/* Begin PBXTargetDependency section */
		356FD0DF2B3487D800D7AA59 /* PBXTargetDependency */ = {
			isa = PBXTargetDependency;
			target = 356FD0CC2B3487D700D7AA59 /* MySwiftUiReceipt */;
			targetProxy = 356FD0DE2B3487D800D7AA59 /* PBXContainerItemProxy */;
		};
		356FD0E92B3487D800D7AA59 /* PBXTargetDependency */ = {
			isa = PBXTargetDependency;
			target = 356FD0CC2B3487D700D7AA59 /* MySwiftUiReceipt */;
			targetProxy = 356FD0E82B3487D800D7AA59 /* PBXContainerItemProxy */;
		};
/* End PBXTargetDependency section */

/* Begin XCBuildConfiguration section */
		356FD0EF2B3487D800D7AA59 /* Debug */ = {
			isa = XCBuildConfiguration;
			buildSettings = {
				ALWAYS_SEARCH_USER_PATHS = NO;
				ASSETCATALOG_COMPILER_GENERATE_SWIFT_ASSET_SYMBOL_EXTENSIONS = YES;
				CLANG_ANALYZER_NONNULL = YES;
				CLANG_ANALYZER_NUMBER_OBJECT_CONVERSION = YES_AGGRESSIVE;
				CLANG_CXX_LANGUAGE_STANDARD = "gnu++20";
				CLANG_ENABLE_MODULES = YES;
				CLANG_ENABLE_OBJC_ARC = YES;
				CLANG_ENABLE_OBJC_WEAK = YES;
				CLANG_WARN_BLOCK_CAPTURE_AUTORELEASING = YES;
				CLANG_WARN_BOOL_CONVERSION = YES;
				CLANG_WARN_COMMA = YES;
				CLANG_WARN_CONSTANT_CONVERSION = YES;
				CLANG_WARN_DEPRECATED_OBJC_IMPLEMENTATIONS = YES;
				CLANG_WARN_DIRECT_OBJC_ISA_USAGE = YES_ERROR;
				CLANG_WARN_DOCUMENTATION_COMMENTS = YES;
				CLANG_WARN_EMPTY_BODY = YES;
				CLANG_WARN_ENUM_CONVERSION = YES;
				CLANG_WARN_INFINITE_RECURSION = YES;
				CLANG_WARN_INT_CONVERSION = YES;
				CLANG_WARN_NON_LITERAL_NULL_CONVERSION = YES;
				CLANG_WARN_OBJC_IMPLICIT_RETAIN_SELF = YES;
				CLANG_WARN_OBJC_LITERAL_CONVERSION = YES;
				CLANG_WARN_OBJC_ROOT_CLASS = YES_ERROR;
				CLANG_WARN_QUOTED_INCLUDE_IN_FRAMEWORK_HEADER = YES;
				CLANG_WARN_RANGE_LOOP_ANALYSIS = YES;
				CLANG_WARN_STRICT_PROTOTYPES = YES;
				CLANG_WARN_SUSPICIOUS_MOVE = YES;
				CLANG_WARN_UNGUARDED_AVAILABILITY = YES_AGGRESSIVE;
				CLANG_WARN_UNREACHABLE_CODE = YES;
				CLANG_WARN__DUPLICATE_METHOD_MATCH = YES;
				COPY_PHASE_STRIP = NO;
				DEBUG_INFORMATION_FORMAT = dwarf;
				ENABLE_STRICT_OBJC_MSGSEND = YES;
				ENABLE_TESTABILITY = YES;
				ENABLE_USER_SCRIPT_SANDBOXING = YES;
				GCC_C_LANGUAGE_STANDARD = gnu17;
				GCC_DYNAMIC_NO_PIC = NO;
				GCC_NO_COMMON_BLOCKS = YES;
				GCC_OPTIMIZATION_LEVEL = 0;
				GCC_PREPROCESSOR_DEFINITIONS = (
					"DEBUG=1",
					"$(inherited)",
				);
				GCC_WARN_64_TO_32_BIT_CONVERSION = YES;
				GCC_WARN_ABOUT_RETURN_TYPE = YES_ERROR;
				GCC_WARN_UNDECLARED_SELECTOR = YES;
				GCC_WARN_UNINITIALIZED_AUTOS = YES_AGGRESSIVE;
				GCC_WARN_UNUSED_FUNCTION = YES;
				GCC_WARN_UNUSED_VARIABLE = YES;
				IPHONEOS_DEPLOYMENT_TARGET = 17.2;
				LOCALIZATION_PREFERS_STRING_CATALOGS = YES;
				MTL_ENABLE_DEBUG_INFO = INCLUDE_SOURCE;
				MTL_FAST_MATH = YES;
				ONLY_ACTIVE_ARCH = YES;
				SDKROOT = iphoneos;
				SWIFT_ACTIVE_COMPILATION_CONDITIONS = "DEBUG $(inherited)";
				SWIFT_OPTIMIZATION_LEVEL = "-Onone";
			};
			name = Debug;
		};
		356FD0F02B3487D800D7AA59 /* Release */ = {
			isa = XCBuildConfiguration;
			buildSettings = {
				ALWAYS_SEARCH_USER_PATHS = NO;
				ASSETCATALOG_COMPILER_GENERATE_SWIFT_ASSET_SYMBOL_EXTENSIONS = YES;
				CLANG_ANALYZER_NONNULL = YES;
				CLANG_ANALYZER_NUMBER_OBJECT_CONVERSION = YES_AGGRESSIVE;
				CLANG_CXX_LANGUAGE_STANDARD = "gnu++20";
				CLANG_ENABLE_MODULES = YES;
				CLANG_ENABLE_OBJC_ARC = YES;
				CLANG_ENABLE_OBJC_WEAK = YES;
				CLANG_WARN_BLOCK_CAPTURE_AUTORELEASING = YES;
				CLANG_WARN_BOOL_CONVERSION = YES;
				CLANG_WARN_COMMA = YES;
				CLANG_WARN_CONSTANT_CONVERSION = YES;
				CLANG_WARN_DEPRECATED_OBJC_IMPLEMENTATIONS = YES;
				CLANG_WARN_DIRECT_OBJC_ISA_USAGE = YES_ERROR;
				CLANG_WARN_DOCUMENTATION_COMMENTS = YES;
				CLANG_WARN_EMPTY_BODY = YES;
				CLANG_WARN_ENUM_CONVERSION = YES;
				CLANG_WARN_INFINITE_RECURSION = YES;
				CLANG_WARN_INT_CONVERSION = YES;
				CLANG_WARN_NON_LITERAL_NULL_CONVERSION = YES;
				CLANG_WARN_OBJC_IMPLICIT_RETAIN_SELF = YES;
				CLANG_WARN_OBJC_LITERAL_CONVERSION = YES;
				CLANG_WARN_OBJC_ROOT_CLASS = YES_ERROR;
				CLANG_WARN_QUOTED_INCLUDE_IN_FRAMEWORK_HEADER = YES;
				CLANG_WARN_RANGE_LOOP_ANALYSIS = YES;
				CLANG_WARN_STRICT_PROTOTYPES = YES;
				CLANG_WARN_SUSPICIOUS_MOVE = YES;
				CLANG_WARN_UNGUARDED_AVAILABILITY = YES_AGGRESSIVE;
				CLANG_WARN_UNREACHABLE_CODE = YES;
				CLANG_WARN__DUPLICATE_METHOD_MATCH = YES;
				COPY_PHASE_STRIP = NO;
				DEBUG_INFORMATION_FORMAT = "dwarf-with-dsym";
				ENABLE_NS_ASSERTIONS = NO;
				ENABLE_STRICT_OBJC_MSGSEND = YES;
				ENABLE_USER_SCRIPT_SANDBOXING = YES;
				GCC_C_LANGUAGE_STANDARD = gnu17;
				GCC_NO_COMMON_BLOCKS = YES;
				GCC_WARN_64_TO_32_BIT_CONVERSION = YES;
				GCC_WARN_ABOUT_RETURN_TYPE = YES_ERROR;
				GCC_WARN_UNDECLARED_SELECTOR = YES;
				GCC_WARN_UNINITIALIZED_AUTOS = YES_AGGRESSIVE;
				GCC_WARN_UNUSED_FUNCTION = YES;
				GCC_WARN_UNUSED_VARIABLE = YES;
				IPHONEOS_DEPLOYMENT_TARGET = 17.2;
				LOCALIZATION_PREFERS_STRING_CATALOGS = YES;
				MTL_ENABLE_DEBUG_INFO = NO;
				MTL_FAST_MATH = YES;
				SDKROOT = iphoneos;
				SWIFT_COMPILATION_MODE = wholemodule;
				VALIDATE_PRODUCT = YES;
			};
			name = Release;
		};
		356FD0F22B3487D800D7AA59 /* Debug */ = {
			isa = XCBuildConfiguration;
			buildSettings = {
				ASSETCATALOG_COMPILER_APPICON_NAME = AppIcon;
				ASSETCATALOG_COMPILER_GLOBAL_ACCENT_COLOR_NAME = AccentColor;
				CODE_SIGN_STYLE = Automatic;
				CURRENT_PROJECT_VERSION = 1;
				DEVELOPMENT_ASSET_PATHS = "\"MySwiftUiReceipt/Preview Content\"";
				DEVELOPMENT_TEAM = MCDB63R3AU;
				ENABLE_PREVIEWS = YES;
				GENERATE_INFOPLIST_FILE = YES;
				INFOPLIST_KEY_UIApplicationSceneManifest_Generation = YES;
				INFOPLIST_KEY_UIApplicationSupportsIndirectInputEvents = YES;
				INFOPLIST_KEY_UILaunchScreen_Generation = YES;
				INFOPLIST_KEY_UISupportedInterfaceOrientations_iPad = "UIInterfaceOrientationPortrait UIInterfaceOrientationPortraitUpsideDown UIInterfaceOrientationLandscapeLeft UIInterfaceOrientationLandscapeRight";
				INFOPLIST_KEY_UISupportedInterfaceOrientations_iPhone = "UIInterfaceOrientationPortrait UIInterfaceOrientationLandscapeLeft UIInterfaceOrientationLandscapeRight";
				LD_RUNPATH_SEARCH_PATHS = (
					"$(inherited)",
					"@executable_path/Frameworks",
				);
				MARKETING_VERSION = 1.0;
				PRODUCT_BUNDLE_IDENTIFIER = "ga-field.MySwiftUiReceipt";
				PRODUCT_NAME = "$(TARGET_NAME)";
				SWIFT_EMIT_LOC_STRINGS = YES;
				SWIFT_VERSION = 5.0;
				TARGETED_DEVICE_FAMILY = "1,2";
			};
			name = Debug;
		};
		356FD0F32B3487D800D7AA59 /* Release */ = {
			isa = XCBuildConfiguration;
			buildSettings = {
				ASSETCATALOG_COMPILER_APPICON_NAME = AppIcon;
				ASSETCATALOG_COMPILER_GLOBAL_ACCENT_COLOR_NAME = AccentColor;
				CODE_SIGN_STYLE = Automatic;
				CURRENT_PROJECT_VERSION = 1;
				DEVELOPMENT_ASSET_PATHS = "\"MySwiftUiReceipt/Preview Content\"";
				DEVELOPMENT_TEAM = MCDB63R3AU;
				ENABLE_PREVIEWS = YES;
				GENERATE_INFOPLIST_FILE = YES;
				INFOPLIST_KEY_UIApplicationSceneManifest_Generation = YES;
				INFOPLIST_KEY_UIApplicationSupportsIndirectInputEvents = YES;
				INFOPLIST_KEY_UILaunchScreen_Generation = YES;
				INFOPLIST_KEY_UISupportedInterfaceOrientations_iPad = "UIInterfaceOrientationPortrait UIInterfaceOrientationPortraitUpsideDown UIInterfaceOrientationLandscapeLeft UIInterfaceOrientationLandscapeRight";
				INFOPLIST_KEY_UISupportedInterfaceOrientations_iPhone = "UIInterfaceOrientationPortrait UIInterfaceOrientationLandscapeLeft UIInterfaceOrientationLandscapeRight";
				LD_RUNPATH_SEARCH_PATHS = (
					"$(inherited)",
					"@executable_path/Frameworks",
				);
				MARKETING_VERSION = 1.0;
				PRODUCT_BUNDLE_IDENTIFIER = "ga-field.MySwiftUiReceipt";
				PRODUCT_NAME = "$(TARGET_NAME)";
				SWIFT_EMIT_LOC_STRINGS = YES;
				SWIFT_VERSION = 5.0;
				TARGETED_DEVICE_FAMILY = "1,2";
			};
			name = Release;
		};
		356FD0F52B3487D800D7AA59 /* Debug */ = {
			isa = XCBuildConfiguration;
			buildSettings = {
				ALWAYS_EMBED_SWIFT_STANDARD_LIBRARIES = YES;
				BUNDLE_LOADER = "$(TEST_HOST)";
				CODE_SIGN_STYLE = Automatic;
				CURRENT_PROJECT_VERSION = 1;
				DEVELOPMENT_TEAM = MCDB63R3AU;
				GENERATE_INFOPLIST_FILE = YES;
				IPHONEOS_DEPLOYMENT_TARGET = 17.2;
				MARKETING_VERSION = 1.0;
				PRODUCT_BUNDLE_IDENTIFIER = "ga-field.MySwiftUiReceiptTests";
				PRODUCT_NAME = "$(TARGET_NAME)";
				SWIFT_EMIT_LOC_STRINGS = NO;
				SWIFT_VERSION = 5.0;
				TARGETED_DEVICE_FAMILY = "1,2";
				TEST_HOST = "$(BUILT_PRODUCTS_DIR)/MySwiftUiReceipt.app/$(BUNDLE_EXECUTABLE_FOLDER_PATH)/MySwiftUiReceipt";
			};
			name = Debug;
		};
		356FD0F62B3487D800D7AA59 /* Release */ = {
			isa = XCBuildConfiguration;
			buildSettings = {
				ALWAYS_EMBED_SWIFT_STANDARD_LIBRARIES = YES;
				BUNDLE_LOADER = "$(TEST_HOST)";
				CODE_SIGN_STYLE = Automatic;
				CURRENT_PROJECT_VERSION = 1;
				DEVELOPMENT_TEAM = MCDB63R3AU;
				GENERATE_INFOPLIST_FILE = YES;
				IPHONEOS_DEPLOYMENT_TARGET = 17.2;
				MARKETING_VERSION = 1.0;
				PRODUCT_BUNDLE_IDENTIFIER = "ga-field.MySwiftUiReceiptTests";
				PRODUCT_NAME = "$(TARGET_NAME)";
				SWIFT_EMIT_LOC_STRINGS = NO;
				SWIFT_VERSION = 5.0;
				TARGETED_DEVICE_FAMILY = "1,2";
				TEST_HOST = "$(BUILT_PRODUCTS_DIR)/MySwiftUiReceipt.app/$(BUNDLE_EXECUTABLE_FOLDER_PATH)/MySwiftUiReceipt";
			};
			name = Release;
		};
		356FD0F82B3487D800D7AA59 /* Debug */ = {
			isa = XCBuildConfiguration;
			buildSettings = {
				ALWAYS_EMBED_SWIFT_STANDARD_LIBRARIES = YES;
				CODE_SIGN_STYLE = Automatic;
				CURRENT_PROJECT_VERSION = 1;
				DEVELOPMENT_TEAM = MCDB63R3AU;
				GENERATE_INFOPLIST_FILE = YES;
				MARKETING_VERSION = 1.0;
				PRODUCT_BUNDLE_IDENTIFIER = "ga-field.MySwiftUiReceiptUITests";
				PRODUCT_NAME = "$(TARGET_NAME)";
				SWIFT_EMIT_LOC_STRINGS = NO;
				SWIFT_VERSION = 5.0;
				TARGETED_DEVICE_FAMILY = "1,2";
				TEST_TARGET_NAME = MySwiftUiReceipt;
			};
			name = Debug;
		};
		356FD0F92B3487D800D7AA59 /* Release */ = {
			isa = XCBuildConfiguration;
			buildSettings = {
				ALWAYS_EMBED_SWIFT_STANDARD_LIBRARIES = YES;
				CODE_SIGN_STYLE = Automatic;
				CURRENT_PROJECT_VERSION = 1;
				DEVELOPMENT_TEAM = MCDB63R3AU;
				GENERATE_INFOPLIST_FILE = YES;
				MARKETING_VERSION = 1.0;
				PRODUCT_BUNDLE_IDENTIFIER = "ga-field.MySwiftUiReceiptUITests";
				PRODUCT_NAME = "$(TARGET_NAME)";
				SWIFT_EMIT_LOC_STRINGS = NO;
				SWIFT_VERSION = 5.0;
				TARGETED_DEVICE_FAMILY = "1,2";
				TEST_TARGET_NAME = MySwiftUiReceipt;
			};
			name = Release;
		};
/* End XCBuildConfiguration section */

/* Begin XCConfigurationList section */
		356FD0C82B3487D700D7AA59 /* Build configuration list for PBXProject "MySwiftUiReceipt" */ = {
			isa = XCConfigurationList;
			buildConfigurations = (
				356FD0EF2B3487D800D7AA59 /* Debug */,
				356FD0F02B3487D800D7AA59 /* Release */,
			);
			defaultConfigurationIsVisible = 0;
			defaultConfigurationName = Release;
		};
		356FD0F12B3487D800D7AA59 /* Build configuration list for PBXNativeTarget "MySwiftUiReceipt" */ = {
			isa = XCConfigurationList;
			buildConfigurations = (
				356FD0F22B3487D800D7AA59 /* Debug */,
				356FD0F32B3487D800D7AA59 /* Release */,
			);
			defaultConfigurationIsVisible = 0;
			defaultConfigurationName = Release;
		};
		356FD0F42B3487D800D7AA59 /* Build configuration list for PBXNativeTarget "MySwiftUiReceiptTests" */ = {
			isa = XCConfigurationList;
			buildConfigurations = (
				356FD0F52B3487D800D7AA59 /* Debug */,
				356FD0F62B3487D800D7AA59 /* Release */,
			);
			defaultConfigurationIsVisible = 0;
			defaultConfigurationName = Release;
		};
		356FD0F72B3487D800D7AA59 /* Build configuration list for PBXNativeTarget "MySwiftUiReceiptUITests" */ = {
			isa = XCConfigurationList;
			buildConfigurations = (
				356FD0F82B3487D800D7AA59 /* Debug */,
				356FD0F92B3487D800D7AA59 /* Release */,
			);
			defaultConfigurationIsVisible = 0;
			defaultConfigurationName = Release;
		};
/* End XCConfigurationList section */
	};
	rootObject = 356FD0C52B3487D700D7AA59 /* Project object */;
}
